# THIS IS AN AUTOGENERATED FILE. DO NOT EDIT THIS FILE DIRECTLY.
# yarn lockfile v1


"@babel/runtime@^7.3.1":
  version "7.28.4"
  resolved "https://registry.yarnpkg.com/@babel/runtime/-/runtime-7.28.4.tgz#a70226016fabe25c5783b2f22d3e1c9bc5ca3326"
  integrity sha512-Q/N6JNWvIvPnLDvjlE1OUBLPQHH6l3CltCEsHIujp45zQUSSh8K+gHnaEX45yAT1nyngnINhvWtzN+Nb9D8RAQ==

"@types/hast@^3.0.0":
  version "3.0.4"
  resolved "https://registry.yarnpkg.com/@types/hast/-/hast-3.0.4.tgz#1d6b39993b82cea6ad783945b0508c25903e15aa"
  integrity sha512-WPs+bbQw5aCj+x6laNGWLH3wviHtoCv/P3+otBhbOhJgG8qtpdAMlTCxLtsTWA7LH1Oh/bFCHsBn0TPS5m30EQ==
  dependencies:
    "@types/unist" "*"

"@types/prismjs@^1.0.0":
  version "1.26.5"
  resolved "https://registry.yarnpkg.com/@types/prismjs/-/prismjs-1.26.5.tgz#72499abbb4c4ec9982446509d2f14fb8483869d6"
  integrity sha512-AUZTa7hQ2KY5L7AmtSiqxlhWxb4ina0yd8hNbl4TWuqnv/pFP0nDMb3YrfSBf4hJVGLh2YEIBfKaBW/9UEl6IQ==

"@types/unist@*":
  version "3.0.3"
  resolved "https://registry.yarnpkg.com/@types/unist/-/unist-3.0.3.tgz#acaab0f919ce69cce629c2d4ed2eb4adc1b6c20c"
  integrity sha512-ko/gIFJRv177XgZsZcBwnqJN5x/Gien8qNOn0D5bQU/zAzVf9Zt3BlcUiLqhV9y4ARk0GbT3tnUiPNgnTXzc/Q==

"@types/unist@^2.0.0":
  version "2.0.11"
  resolved "https://registry.yarnpkg.com/@types/unist/-/unist-2.0.11.tgz#11af57b127e32487774841f7a4e54eab166d03c4"
  integrity sha512-CmBKiL6NNo/OqgmMn95Fk9Whlp2mtvIv+KNpQKN2F4SjvrEesubTRWGYSg+BnWZOnlCaSTU1sMpsBOzgbYhnsA==

asap@~2.0.3:
  version "2.0.6"
  resolved "https://registry.yarnpkg.com/asap/-/asap-2.0.6.tgz#e50347611d7e690943208bbdafebcbc2fb866d46"

base16@^1.0.0:
  version "1.0.0"
  resolved "https://registry.yarnpkg.com/base16/-/base16-1.0.0.tgz#e297f60d7ec1014a7a971a39ebc8a98c0b681e70"

character-entities-legacy@^3.0.0:
  version "3.0.0"
  resolved "https://registry.yarnpkg.com/character-entities-legacy/-/character-entities-legacy-3.0.0.tgz#76bc83a90738901d7bc223a9e93759fdd560125b"
  integrity sha512-RpPp0asT/6ufRm//AJVwpViZbGM/MkjQFxJccQRHmISF/22NBtsHqAWmL+/pmkPWoIUJdWyeVleTl1wydHATVQ==

character-entities@^2.0.0:
  version "2.0.2"
  resolved "https://registry.yarnpkg.com/character-entities/-/character-entities-2.0.2.tgz#2d09c2e72cd9523076ccb21157dff66ad43fcc22"
  integrity sha512-shx7oQ0Awen/BRIdkjkvz54PnEEI/EjwXDSIZp86/KKdbafHh1Df/RYGBhn4hbe2+uKC9FnT5UCEdyPz3ai9hQ==

character-reference-invalid@^2.0.0:
  version "2.0.1"
  resolved "https://registry.yarnpkg.com/character-reference-invalid/-/character-reference-invalid-2.0.1.tgz#85c66b041e43b47210faf401278abf808ac45cb9"
  integrity sha512-iBZ4F4wRbyORVsu0jPV7gXkOsGYjGHPmAyv+HiHG8gi5PtC9KI2j1+v8/tlibRvjoWX027ypmG/n0HtO5t7unw==

circular-json@^0.5.1:
  version "0.5.1"
  resolved "https://registry.yarnpkg.com/circular-json/-/circular-json-0.5.1.tgz#b8942a09e535863dc21b04417a91971e1d9cd91f"

comma-separated-tokens@^2.0.0:
  version "2.0.3"
  resolved "https://registry.yarnpkg.com/comma-separated-tokens/-/comma-separated-tokens-2.0.3.tgz#4e89c9458acb61bc8fef19f4529973b2392839ee"
  integrity sha512-Fu4hJdvzeylCfQPp9SGWidpzrMs7tTrlu6Vb8XGaRGck8QSNZJJp538Wrb60Lax4fPwR64ViY468OIUTbRlGZg==

core-js@^1.0.0:
  version "1.2.7"
  resolved "https://registry.yarnpkg.com/core-js/-/core-js-1.2.7.tgz#652294c14651db28fa93bd2d5ff2983a4f08c636"

decode-named-character-reference@^1.0.0:
  version "1.2.0"
  resolved "https://registry.yarnpkg.com/decode-named-character-reference/-/decode-named-character-reference-1.2.0.tgz#25c32ae6dd5e21889549d40f676030e9514cc0ed"
  integrity sha512-c6fcElNV6ShtZXmsgNgFFV5tVX2PaV4g+MOAkb8eXHvn6sryJBrZa9r0zV6+dtTyoCKxtDy5tyQ5ZwQuidtd+Q==
  dependencies:
    character-entities "^2.0.0"

encoding@^0.1.11:
  version "0.1.12"
  resolved "https://registry.yarnpkg.com/encoding/-/encoding-0.1.12.tgz#538b66f3ee62cd1ab51ec323829d1f9480c74beb"
  dependencies:
    iconv-lite "~0.4.13"

fault@^1.0.0:
  version "1.0.4"
  resolved "https://registry.yarnpkg.com/fault/-/fault-1.0.4.tgz#eafcfc0a6d214fc94601e170df29954a4f842f13"
  integrity sha512-CJ0HCB5tL5fYTEA7ToAq5+kTwd++Borf1/bifxd9iT70QcXr4MRrO3Llf8Ifs70q+SJcGHFtnIE/Nw6giCtECA==
  dependencies:
    format "^0.2.0"

fbemitter@^2.0.0:
  version "2.1.1"
  resolved "https://registry.yarnpkg.com/fbemitter/-/fbemitter-2.1.1.tgz#523e14fdaf5248805bb02f62efc33be703f51865"
  dependencies:
    fbjs "^0.8.4"

fbjs@^0.8.0, fbjs@^0.8.16, fbjs@^0.8.4:
  version "0.8.16"
  resolved "https://registry.yarnpkg.com/fbjs/-/fbjs-0.8.16.tgz#5e67432f550dc41b572bf55847b8aca64e5337db"
  dependencies:
    core-js "^1.0.0"
    isomorphic-fetch "^2.1.1"
    loose-envify "^1.0.0"
    object-assign "^4.1.0"
    promise "^7.1.1"
    setimmediate "^1.0.5"
    ua-parser-js "^0.7.9"

flux@^3.1.3:
  version "3.1.3"
  resolved "https://registry.yarnpkg.com/flux/-/flux-3.1.3.tgz#d23bed515a79a22d933ab53ab4ada19d05b2f08a"
  dependencies:
    fbemitter "^2.0.0"
    fbjs "^0.8.0"

format@^0.2.0:
  version "0.2.2"
  resolved "https://registry.yarnpkg.com/format/-/format-0.2.2.tgz#d6170107e9efdc4ed30c9dc39016df942b5cb58b"
  integrity sha512-wzsgA6WOq+09wrU1tsJ09udeR/YZRaeArL9e1wPbFg3GG2yDnC2ldKpxs4xunpFF9DgqCqOIra3bc1HWrJ37Ww==

hast-util-parse-selector@^4.0.0:
  version "4.0.0"
  resolved "https://registry.yarnpkg.com/hast-util-parse-selector/-/hast-util-parse-selector-4.0.0.tgz#352879fa86e25616036037dd8931fb5f34cb4a27"
  integrity sha512-wkQCkSYoOGCRKERFWcxMVMOcYE2K1AaNLU8DXS9arxnLOUEWbOXKXiJUNzEpqZ3JOKpnha3jkFrumEjVliDe7A==
  dependencies:
    "@types/hast" "^3.0.0"

hastscript@^9.0.0:
  version "9.0.1"
  resolved "https://registry.yarnpkg.com/hastscript/-/hastscript-9.0.1.tgz#dbc84bef6051d40084342c229c451cd9dc567dff"
  integrity sha512-g7df9rMFX/SPi34tyGCyUBREQoKkapwdY/T04Qn9TDWfHhAYt4/I0gMVirzK5wEzeUqIjEB+LXC/ypb7Aqno5w==
  dependencies:
    "@types/hast" "^3.0.0"
    comma-separated-tokens "^2.0.0"
    hast-util-parse-selector "^4.0.0"
    property-information "^7.0.0"
    space-separated-tokens "^2.0.0"

highlight.js@^10.4.1, highlight.js@~10.7.0:
  version "10.7.3"
  resolved "https://registry.yarnpkg.com/highlight.js/-/highlight.js-10.7.3.tgz#697272e3991356e40c3cac566a74eef681756531"
  integrity sha512-tzcUFauisWKNHaRkN4Wjl/ZA07gENAjFl3J/c480dprkGTg5EQstgaNFqBfUqCq54kZRIEcreTsAgF/m2quD7A==

highlightjs-vue@^1.0.0:
  version "1.0.0"
  resolved "https://registry.yarnpkg.com/highlightjs-vue/-/highlightjs-vue-1.0.0.tgz#fdfe97fbea6354e70ee44e3a955875e114db086d"
  integrity sha512-PDEfEF102G23vHmPhLyPboFCD+BkMGu+GuJe2d9/eH4FsCwvgBpnc9n0pGE+ffKdph38s6foEZiEjdgHdzp+IA==

iconv-lite@~0.4.13:
  version "0.4.19"
  resolved "https://registry.yarnpkg.com/iconv-lite/-/iconv-lite-0.4.19.tgz#f7468f60135f5e5dad3399c0a81be9a1603a082b"

is-alphabetical@^2.0.0:
  version "2.0.1"
  resolved "https://registry.yarnpkg.com/is-alphabetical/-/is-alphabetical-2.0.1.tgz#01072053ea7c1036df3c7d19a6daaec7f19e789b"
  integrity sha512-FWyyY60MeTNyeSRpkM2Iry0G9hpr7/9kD40mD/cGQEuilcZYS4okz8SN2Q6rLCJ8gbCt6fN+rC+6tMGS99LaxQ==

is-alphanumerical@^2.0.0:
  version "2.0.1"
  resolved "https://registry.yarnpkg.com/is-alphanumerical/-/is-alphanumerical-2.0.1.tgz#7c03fbe96e3e931113e57f964b0a368cc2dfd875"
  integrity sha512-hmbYhX/9MUMF5uh7tOXyK/n0ZvWpad5caBA17GsC6vyuCqaWliRG5K1qS9inmUhEMaOBIW7/whAnSwveW/LtZw==
  dependencies:
    is-alphabetical "^2.0.0"
    is-decimal "^2.0.0"

is-decimal@^2.0.0:
  version "2.0.1"
  resolved "https://registry.yarnpkg.com/is-decimal/-/is-decimal-2.0.1.tgz#9469d2dc190d0214fd87d78b78caecc0cc14eef7"
  integrity sha512-AAB9hiomQs5DXWcRB1rqsxGUstbRroFOPPVAomNk/3XHR5JyEZChOyTWe2oayKnsSsr/kcGqF+z6yuH6HHpN0A==

is-hexadecimal@^2.0.0:
  version "2.0.1"
  resolved "https://registry.yarnpkg.com/is-hexadecimal/-/is-hexadecimal-2.0.1.tgz#86b5bf668fca307498d319dfc03289d781a90027"
  integrity sha512-DgZQp241c8oO6cA1SbTEWiXeoxV42vlcJxgH+B3hi1AiqqKruZR3ZGF8In3fj4+/y/7rHvlOZLZtgJ/4ttYGZg==

is-stream@^1.0.1:
  version "1.1.0"
  resolved "https://registry.yarnpkg.com/is-stream/-/is-stream-1.1.0.tgz#12d4a3dd4e68e0b79ceb8dbc84173ae80d91ca44"

isomorphic-fetch@^2.1.1:
  version "2.2.1"
  resolved "https://registry.yarnpkg.com/isomorphic-fetch/-/isomorphic-fetch-2.2.1.tgz#611ae1acf14f5e81f729507472819fe9733558a9"
  dependencies:
    node-fetch "^1.0.1"
    whatwg-fetch ">=0.10.0"

js-tokens@^3.0.0:
  version "3.0.2"
  resolved "https://registry.yarnpkg.com/js-tokens/-/js-tokens-3.0.2.tgz#9866df395102130e38f7f996bceb65443209c25b"

lodash.curry@^4.0.1:
  version "4.1.1"
  resolved "https://registry.yarnpkg.com/lodash.curry/-/lodash.curry-4.1.1.tgz#248e36072ede906501d75966200a86dab8b23170"

lodash.flow@^3.3.0:
  version "3.5.0"
  resolved "https://registry.yarnpkg.com/lodash.flow/-/lodash.flow-3.5.0.tgz#87bf40292b8cf83e4e8ce1a3ae4209e20071675a"

loose-envify@^1.0.0, loose-envify@^1.3.1:
  version "1.3.1"
  resolved "https://registry.yarnpkg.com/loose-envify/-/loose-envify-1.3.1.tgz#d1a8ad33fa9ce0e713d65fdd0ac8b748d478c848"
  dependencies:
    js-tokens "^3.0.0"

lowlight@^1.17.0:
  version "1.20.0"
  resolved "https://registry.yarnpkg.com/lowlight/-/lowlight-1.20.0.tgz#ddb197d33462ad0d93bf19d17b6c301aa3941888"
  integrity sha512-8Ktj+prEb1RoCPkEOrPMYUN/nCggB7qAWe3a7OpMjWQkh3l2RD5wKRQ+o8Q8YuI9RG/xs95waaI/E6ym/7NsTw==
  dependencies:
    fault "^1.0.0"
    highlight.js "~10.7.0"

node-fetch@^1.0.1:
  version "1.7.3"
  resolved "https://registry.yarnpkg.com/node-fetch/-/node-fetch-1.7.3.tgz#980f6f72d85211a5347c6b2bc18c5b84c3eb47ef"
  dependencies:
    encoding "^0.1.11"
    is-stream "^1.0.1"

object-assign@^4.1.0, object-assign@^4.1.1:
  version "4.1.1"
  resolved "https://registry.yarnpkg.com/object-assign/-/object-assign-4.1.1.tgz#2109adc7965887cfc05cbbd442cac8bfbb360863"

parse-entities@^4.0.0:
  version "4.0.2"
  resolved "https://registry.yarnpkg.com/parse-entities/-/parse-entities-4.0.2.tgz#61d46f5ed28e4ee62e9ddc43d6b010188443f159"
  integrity sha512-GG2AQYWoLgL877gQIKeRPGO1xF9+eG1ujIb5soS5gPvLQ1y2o8FL90w2QWNdf9I361Mpp7726c+lj3U0qK1uGw==
  dependencies:
    "@types/unist" "^2.0.0"
    character-entities-legacy "^3.0.0"
    character-reference-invalid "^2.0.0"
    decode-named-character-reference "^1.0.0"
    is-alphanumerical "^2.0.0"
    is-decimal "^2.0.0"
    is-hexadecimal "^2.0.0"

prismjs@^1.30.0:
  version "1.30.0"
  resolved "https://registry.yarnpkg.com/prismjs/-/prismjs-1.30.0.tgz#d9709969d9d4e16403f6f348c63553b19f0975a9"
  integrity sha512-DEvV2ZF2r2/63V+tK8hQvrR2ZGn10srHbXviTlcv7Kpzw8jWiNTqbVgjO3IY8RxrrOUF8VPMQQFysYYYv0YZxw==

promise@^7.1.1:
  version "7.3.1"
  resolved "https://registry.yarnpkg.com/promise/-/promise-7.3.1.tgz#064b72602b18f90f29192b8b1bc418ffd1ebd3bf"
  dependencies:
    asap "~2.0.3"

prop-types@^15.6.0:
  version "15.6.0"
  resolved "https://registry.yarnpkg.com/prop-types/-/prop-types-15.6.0.tgz#ceaf083022fc46b4a35f69e13ef75aed0d639856"
  dependencies:
    fbjs "^0.8.16"
    loose-envify "^1.3.1"
    object-assign "^4.1.1"

property-information@^7.0.0:
  version "7.1.0"
  resolved "https://registry.yarnpkg.com/property-information/-/property-information-7.1.0.tgz#b622e8646e02b580205415586b40804d3e8bfd5d"
  integrity sha512-TwEZ+X+yCJmYfL7TPUOcvBZ4QfoT5YenQiJuX//0th53DE6w0xxLEtfK3iyryQFddXuvkIk51EEgrJQ0WJkOmQ==

pure-color@^1.2.0:
  version "1.3.0"
  resolved "https://registry.yarnpkg.com/pure-color/-/pure-color-1.3.0.tgz#1fe064fb0ac851f0de61320a8bf796836422f33e"

react-base16-styling@^0.5.3:
  version "0.5.3"
  resolved "https://registry.yarnpkg.com/react-base16-styling/-/react-base16-styling-0.5.3.tgz#3858f24e9c4dd8cbd3f702f3f74d581ca2917269"
  dependencies:
    base16 "^1.0.0"
    lodash.curry "^4.0.1"
    lodash.flow "^3.3.0"
    pure-color "^1.2.0"

react-json-view@^1.16.0:
  version "1.16.0"
  resolved "https://registry.yarnpkg.com/react-json-view/-/react-json-view-1.16.0.tgz#fa8f47bd4be59eb31e809c908cfd705369aae2b7"
  dependencies:
    flux "^3.1.3"
    react-base16-styling "^0.5.3"
    react-textarea-autosize "^5.1.0"

react-syntax-highlighter@^16.0.0:
  version "16.0.0"
  resolved "https://registry.yarnpkg.com/react-syntax-highlighter/-/react-syntax-highlighter-16.0.0.tgz#f7ae1fcf0c5019233a33075277f34bcd5854c137"
  integrity sha512-xFteM6h1e6xzuHESS45eh5Nq84K2tnP9xsnzHMAuQyQjhVJFMp2CntURH4Hux/z1SyQf6cKSc2dR6LpxpetoGw==
  dependencies:
    "@babel/runtime" "^7.3.1"
    highlight.js "^10.4.1"
    highlightjs-vue "^1.0.0"
    lowlight "^1.17.0"
    prismjs "^1.30.0"
    refractor "^5.0.0"

react-textarea-autosize@^5.1.0:
  version "5.2.1"
  resolved "https://registry.yarnpkg.com/react-textarea-autosize/-/react-textarea-autosize-5.2.1.tgz#2b78f9067180f41b08ac59f78f1581abadd61e54"
  dependencies:
    prop-types "^15.6.0"

refractor@^5.0.0:
  version "5.0.0"
  resolved "https://registry.yarnpkg.com/refractor/-/refractor-5.0.0.tgz#85daf0448a6d947f5361796eb22c31733d61d904"
  integrity sha512-QXOrHQF5jOpjjLfiNk5GFnWhRXvxjUVnlFxkeDmewR5sXkr3iM46Zo+CnRR8B+MDVqkULW4EcLVcRBNOPXHosw==
  dependencies:
    "@types/hast" "^3.0.0"
    "@types/prismjs" "^1.0.0"
    hastscript "^9.0.0"
    parse-entities "^4.0.0"

setimmediate@^1.0.5:
  version "1.0.5"
  resolved "https://registry.yarnpkg.com/setimmediate/-/setimmediate-1.0.5.tgz#290cbb232e306942d7d7ea9b83732ab7856f8285"

space-separated-tokens@^2.0.0:
  version "2.0.2"
  resolved "https://registry.yarnpkg.com/space-separated-tokens/-/space-separated-tokens-2.0.2.tgz#1ecd9d2350a3844572c3f4a312bceb018348859f"
  integrity sha512-PEGlAwrG8yXGXRjW32fGbg66JAlOAwbObuqVoJpv/mRgoWDQfgH1wDPvtzWyUSNAXBGSk8h755YDbbcEy3SH2Q==

ua-parser-js@^0.7.9:
  version "0.7.17"
  resolved "https://registry.yarnpkg.com/ua-parser-js/-/ua-parser-js-0.7.17.tgz#e9ec5f9498b9ec910e7ae3ac626a805c4d09ecac"

whatwg-fetch@>=0.10.0:
  version "2.0.3"
  resolved "https://registry.yarnpkg.com/whatwg-fetch/-/whatwg-fetch-2.0.3.tgz#9c84ec2dcf68187ff00bc64e1274b442176e1c84"
