# THIS IS AN AUTOGENERATED FILE. DO NOT EDIT THIS FILE DIRECTLY.
# yarn lockfile v1


"@babel/runtime@^7.10.2":
  version "7.14.6"
  resolved "https://registry.yarnpkg.com/@babel/runtime/-/runtime-7.14.6.tgz#535203bc0892efc7dec60bdc27b2ecf6e409062d"
  integrity sha512-/PCB2uJ7oM44tz8YhC4Z/6PeOKXp4K588f+5M3clr1M4zbqztlo0XEfJ2LEzj/FgwfgGcIdl8n7YYjTCI0BYwg==
  dependencies:
    regenerator-runtime "^0.13.4"

asap@~2.0.3:
  version "2.0.6"
  resolved "https://registry.yarnpkg.com/asap/-/asap-2.0.6.tgz#e50347611d7e690943208bbdafebcbc2fb866d46"

babel-runtime@^6.18.0:
  version "6.26.0"
  resolved "https://registry.yarnpkg.com/babel-runtime/-/babel-runtime-6.26.0.tgz#965c7058668e82b55d7bfe04ff2337bc8b5647fe"
  dependencies:
    core-js "^2.4.0"
    regenerator-runtime "^0.11.0"

base16@^1.0.0:
  version "1.0.0"
  resolved "https://registry.yarnpkg.com/base16/-/base16-1.0.0.tgz#e297f60d7ec1014a7a971a39ebc8a98c0b681e70"

camelcase@^3.0.0:
  version "3.0.0"
  resolved "https://registry.yarnpkg.com/camelcase/-/camelcase-3.0.0.tgz#32fc4b9fcdaf845fcdf7e73bb97cac2261f0ab0a"

circular-json@^0.5.1:
  version "0.5.1"
  resolved "https://registry.yarnpkg.com/circular-json/-/circular-json-0.5.1.tgz#b8942a09e535863dc21b04417a91971e1d9cd91f"

clipboard@^1.7.1:
  version "1.7.1"
  resolved "https://registry.yarnpkg.com/clipboard/-/clipboard-1.7.1.tgz#360d6d6946e99a7a1fef395e42ba92b5e9b5a16b"
  dependencies:
    good-listener "^1.2.2"
    select "^1.1.2"
    tiny-emitter "^2.0.0"

comma-separated-tokens@^1.0.0:
  version "1.0.4"
  resolved "https://registry.yarnpkg.com/comma-separated-tokens/-/comma-separated-tokens-1.0.4.tgz#72083e58d4a462f01866f6617f4d98a3cd3b8a46"
  dependencies:
    trim "0.0.1"

core-js@^2.4.0:
  version "2.5.3"
  resolved "https://registry.yarnpkg.com/core-js/-/core-js-2.5.3.tgz#8acc38345824f16d8365b7c9b4259168e8ed603e"

cross-fetch@^3.0.4:
  version "3.1.4"
  resolved "https://registry.yarnpkg.com/cross-fetch/-/cross-fetch-3.1.4.tgz#9723f3a3a247bf8b89039f3a380a9244e8fa2f39"
  integrity sha512-1eAtFWdIubi6T4XPy6ei9iUFoKpUkIF971QLN8lIvvvwueI65+Nw5haMNKUwfJxabqlIIDODJKGrQ66gxC0PbQ==
  dependencies:
    node-fetch "2.6.1"

delegate@^3.1.2:
  version "3.2.0"
  resolved "https://registry.yarnpkg.com/delegate/-/delegate-3.2.0.tgz#b66b71c3158522e8ab5744f720d8ca0c2af59166"

fbemitter@^3.0.0:
  version "3.0.0"
  resolved "https://registry.yarnpkg.com/fbemitter/-/fbemitter-3.0.0.tgz#00b2a1af5411254aab416cd75f9e6289bee4bff3"
  integrity sha512-KWKaceCwKQU0+HPoop6gn4eOHk50bBv/VxjJtGMfwmJt3D29JpN4H4eisCtIPA+a8GVBam+ldMMpMjJUvpDyHw==
  dependencies:
    fbjs "^3.0.0"

fbjs-css-vars@^1.0.0:
  version "1.0.2"
  resolved "https://registry.yarnpkg.com/fbjs-css-vars/-/fbjs-css-vars-1.0.2.tgz#216551136ae02fe255932c3ec8775f18e2c078b8"
  integrity sha512-b2XGFAFdWZWg0phtAWLHCk836A1Xann+I+Dgd3Gk64MHKZO44FfoD1KxyvbSh0qZsIoXQGGlVztIY+oitJPpRQ==

fbjs@^3.0.0:
  version "3.0.0"
  resolved "https://registry.yarnpkg.com/fbjs/-/fbjs-3.0.0.tgz#0907067fb3f57a78f45d95f1eacffcacd623c165"
  integrity sha512-dJd4PiDOFuhe7vk4F80Mba83Vr2QuK86FoxtgPmzBqEJahncp+13YCmfoa53KHCo6OnlXLG7eeMWPfB5CrpVKg==
  dependencies:
    cross-fetch "^3.0.4"
    fbjs-css-vars "^1.0.0"
    loose-envify "^1.0.0"
    object-assign "^4.1.0"
    promise "^7.1.1"
    setimmediate "^1.0.5"
    ua-parser-js "^0.7.18"

flux@^4.0.1:
  version "4.0.1"
  resolved "https://registry.yarnpkg.com/flux/-/flux-4.0.1.tgz#7843502b02841d4aaa534af0b373034a1f75ee5c"
  integrity sha512-emk4RCvJ8RzNP2lNpphKnG7r18q8elDYNAPx7xn+bDeOIo9FFfxEfIQ2y6YbQNmnsGD3nH1noxtLE64Puz1bRQ==
  dependencies:
    fbemitter "^3.0.0"
    fbjs "^3.0.0"

good-listener@^1.2.2:
  version "1.2.2"
  resolved "https://registry.yarnpkg.com/good-listener/-/good-listener-1.2.2.tgz#d53b30cdf9313dffb7dc9a0d477096aa6d145c50"
  dependencies:
    delegate "^3.1.2"

hast-util-parse-selector@^2.0.0:
  version "2.1.0"
  resolved "https://registry.yarnpkg.com/hast-util-parse-selector/-/hast-util-parse-selector-2.1.0.tgz#b55c0f4bb7bb2040c889c325ef87ab29c38102b4"

hastscript@^3.1.0:
  version "3.1.0"
  resolved "https://registry.yarnpkg.com/hastscript/-/hastscript-3.1.0.tgz#66628ba6d7f1ad07d9277dd09028aba7f4934599"
  dependencies:
    camelcase "^3.0.0"
    comma-separated-tokens "^1.0.0"
    hast-util-parse-selector "^2.0.0"
    property-information "^3.0.0"
    space-separated-tokens "^1.0.0"

highlight.js@~9.12.0:
  version "9.12.0"
  resolved "https://registry.yarnpkg.com/highlight.js/-/highlight.js-9.12.0.tgz#e6d9dbe57cbefe60751f02af336195870c90c01e"

js-tokens@^3.0.0:
  version "3.0.2"
  resolved "https://registry.yarnpkg.com/js-tokens/-/js-tokens-3.0.2.tgz#9866df395102130e38f7f996bceb65443209c25b"

lodash.curry@^4.0.1:
  version "4.1.1"
  resolved "https://registry.yarnpkg.com/lodash.curry/-/lodash.curry-4.1.1.tgz#248e36072ede906501d75966200a86dab8b23170"

lodash.flow@^3.3.0:
  version "3.5.0"
  resolved "https://registry.yarnpkg.com/lodash.flow/-/lodash.flow-3.5.0.tgz#87bf40292b8cf83e4e8ce1a3ae4209e20071675a"

loose-envify@^1.0.0:
  version "1.3.1"
  resolved "https://registry.yarnpkg.com/loose-envify/-/loose-envify-1.3.1.tgz#d1a8ad33fa9ce0e713d65fdd0ac8b748d478c848"
  dependencies:
    js-tokens "^3.0.0"

lowlight@~1.9.1:
  version "1.9.1"
  resolved "https://registry.yarnpkg.com/lowlight/-/lowlight-1.9.1.tgz#ed7c3dffc36f8c1f263735c0fe0c907847c11250"
  dependencies:
    highlight.js "~9.12.0"

node-fetch@2.6.1:
  version "2.6.1"
  resolved "https://registry.yarnpkg.com/node-fetch/-/node-fetch-2.6.1.tgz#045bd323631f76ed2e2b55573394416b639a0052"
  integrity sha512-V4aYg89jEoVRxRb2fJdAg8FHvI7cEyYdVAh94HH0UIK8oJxUfkjlDQN9RbMx+bEjP7+ggMiFRprSti032Oipxw==

object-assign@^4.1.0:
  version "4.1.1"
  resolved "https://registry.yarnpkg.com/object-assign/-/object-assign-4.1.1.tgz#2109adc7965887cfc05cbbd442cac8bfbb360863"

prismjs@^1.8.4:
  version "1.11.0"
  resolved "https://registry.yarnpkg.com/prismjs/-/prismjs-1.11.0.tgz#297aef33eb79421bfdb19273a5092ca515970d29"
  optionalDependencies:
    clipboard "^1.7.1"

prismjs@~1.10.0:
  version "1.10.0"
  resolved "https://registry.yarnpkg.com/prismjs/-/prismjs-1.10.0.tgz#77e5187c2ae6b3253fcc313029cf25fe53778721"
  optionalDependencies:
    clipboard "^1.7.1"

promise@^7.1.1:
  version "7.3.1"
  resolved "https://registry.yarnpkg.com/promise/-/promise-7.3.1.tgz#064b72602b18f90f29192b8b1bc418ffd1ebd3bf"
  dependencies:
    asap "~2.0.3"

property-information@^3.0.0:
  version "3.2.0"
  resolved "https://registry.yarnpkg.com/property-information/-/property-information-3.2.0.tgz#fd1483c8fbac61808f5fe359e7693a1f48a58331"

pure-color@^1.2.0:
  version "1.3.0"
  resolved "https://registry.yarnpkg.com/pure-color/-/pure-color-1.3.0.tgz#1fe064fb0ac851f0de61320a8bf796836422f33e"

react-base16-styling@^0.6.0:
  version "0.6.0"
  resolved "https://registry.yarnpkg.com/react-base16-styling/-/react-base16-styling-0.6.0.tgz#ef2156d66cf4139695c8a167886cb69ea660792c"
  integrity sha1-7yFW1mz0E5aVyKFniGy2nqZgeSw=
  dependencies:
    base16 "^1.0.0"
    lodash.curry "^4.0.1"
    lodash.flow "^3.3.0"
    pure-color "^1.2.0"

react-json-view@^1.21.3:
  version "1.21.3"
  resolved "https://registry.yarnpkg.com/react-json-view/-/react-json-view-1.21.3.tgz#f184209ee8f1bf374fb0c41b0813cff54549c475"
  integrity sha512-13p8IREj9/x/Ye4WI/JpjhoIwuzEgUAtgJZNBJckfzJt1qyh24BdTm6UQNGnyTq9dapQdrqvquZTo3dz1X6Cjw==
  dependencies:
    flux "^4.0.1"
    react-base16-styling "^0.6.0"
    react-lifecycles-compat "^3.0.4"
    react-textarea-autosize "^8.3.2"

react-lifecycles-compat@^3.0.4:
  version "3.0.4"
  resolved "https://registry.yarnpkg.com/react-lifecycles-compat/-/react-lifecycles-compat-3.0.4.tgz#4f1a273afdfc8f3488a8c516bfda78f872352362"
  integrity sha512-fBASbA6LnOU9dOU2eW7aQ8xmYBSXUIWr+UmF9b1efZBazGNO+rcXT/icdKnYm2pTwcRylVUYwW7H1PHfLekVzA==

react-syntax-highlighter@^7.0.0:
  version "7.0.0"
  resolved "https://registry.yarnpkg.com/react-syntax-highlighter/-/react-syntax-highlighter-7.0.0.tgz#a522ccf95f272178b8f25de2184383e9bf647155"
  dependencies:
    babel-runtime "^6.18.0"
    highlight.js "~9.12.0"
    lowlight "~1.9.1"
    prismjs "^1.8.4"
    refractor "^2.0.0"

react-textarea-autosize@^8.3.2:
  version "8.3.3"
  resolved "https://registry.yarnpkg.com/react-textarea-autosize/-/react-textarea-autosize-8.3.3.tgz#f70913945369da453fd554c168f6baacd1fa04d8"
  integrity sha512-2XlHXK2TDxS6vbQaoPbMOfQ8GK7+irc2fVK6QFIcC8GOnH3zI/v481n+j1L0WaPVvKxwesnY93fEfH++sus2rQ==
  dependencies:
    "@babel/runtime" "^7.10.2"
    use-composed-ref "^1.0.0"
    use-latest "^1.0.0"

refractor@^2.0.0:
  version "2.3.0"
  resolved "https://registry.yarnpkg.com/refractor/-/refractor-2.3.0.tgz#b8cade8f88020f8836ca3622c6ef87fd2444d76a"
  dependencies:
    hastscript "^3.1.0"
    prismjs "~1.10.0"

regenerator-runtime@^0.11.0:
  version "0.11.1"
  resolved "https://registry.yarnpkg.com/regenerator-runtime/-/regenerator-runtime-0.11.1.tgz#be05ad7f9bf7d22e056f9726cee5017fbf19e2e9"

regenerator-runtime@^0.13.4:
  version "0.13.7"
  resolved "https://registry.yarnpkg.com/regenerator-runtime/-/regenerator-runtime-0.13.7.tgz#cac2dacc8a1ea675feaabaeb8ae833898ae46f55"
  integrity sha512-a54FxoJDIr27pgf7IgeQGxmqUNYrcV338lf/6gH456HZ/PhX+5BcwHXG9ajESmwe6WRO0tAzRUrRmNONWgkrew==

select@^1.1.2:
  version "1.1.2"
  resolved "https://registry.yarnpkg.com/select/-/select-1.1.2.tgz#0e7350acdec80b1108528786ec1d4418d11b396d"

setimmediate@^1.0.5:
  version "1.0.5"
  resolved "https://registry.yarnpkg.com/setimmediate/-/setimmediate-1.0.5.tgz#290cbb232e306942d7d7ea9b83732ab7856f8285"

space-separated-tokens@^1.0.0:
  version "1.1.1"
  resolved "https://registry.yarnpkg.com/space-separated-tokens/-/space-separated-tokens-1.1.1.tgz#9695b9df9e65aec1811d4c3f9ce52520bc2f7e4d"
  dependencies:
    trim "0.0.1"

tiny-emitter@^2.0.0:
  version "2.0.2"
  resolved "https://registry.yarnpkg.com/tiny-emitter/-/tiny-emitter-2.0.2.tgz#82d27468aca5ade8e5fd1e6d22b57dd43ebdfb7c"

trim@0.0.1:
  version "0.0.1"
  resolved "https://registry.yarnpkg.com/trim/-/trim-0.0.1.tgz#5858547f6b290757ee95cccc666fb50084c460dd"

ts-essentials@^2.0.3:
  version "2.0.12"
  resolved "https://registry.yarnpkg.com/ts-essentials/-/ts-essentials-2.0.12.tgz#c9303f3d74f75fa7528c3d49b80e089ab09d8745"
  integrity sha512-3IVX4nI6B5cc31/GFFE+i8ey/N2eA0CZDbo6n0yrz0zDX8ZJ8djmU1p+XRz7G3is0F3bB3pu2pAroFdAWQKU3w==

ua-parser-js@^0.7.18:
  version "0.7.28"
  resolved "https://registry.yarnpkg.com/ua-parser-js/-/ua-parser-js-0.7.28.tgz#8ba04e653f35ce210239c64661685bf9121dec31"
  integrity sha512-6Gurc1n//gjp9eQNXjD9O3M/sMwVtN5S8Lv9bvOYBfKfDNiIIhqiyi01vMBO45u4zkDE420w/e0se7Vs+sIg+g==

use-composed-ref@^1.0.0:
  version "1.1.0"
  resolved "https://registry.yarnpkg.com/use-composed-ref/-/use-composed-ref-1.1.0.tgz#9220e4e94a97b7b02d7d27eaeab0b37034438bbc"
  integrity sha512-my1lNHGWsSDAhhVAT4MKs6IjBUtG6ZG11uUqexPH9PptiIZDQOzaF4f5tEbJ2+7qvNbtXNBbU3SfmN+fXlWDhg==
  dependencies:
    ts-essentials "^2.0.3"

use-isomorphic-layout-effect@^1.0.0:
  version "1.1.1"
  resolved "https://registry.yarnpkg.com/use-isomorphic-layout-effect/-/use-isomorphic-layout-effect-1.1.1.tgz#7bb6589170cd2987a152042f9084f9effb75c225"
  integrity sha512-L7Evj8FGcwo/wpbv/qvSfrkHFtOpCzvM5yl2KVyDJoylVuSvzphiiasmjgQPttIGBAy2WKiBNR98q8w7PiNgKQ==

use-latest@^1.0.0:
  version "1.2.0"
  resolved "https://registry.yarnpkg.com/use-latest/-/use-latest-1.2.0.tgz#a44f6572b8288e0972ec411bdd0840ada366f232"
  integrity sha512-d2TEuG6nSLKQLAfW3By8mKr8HurOlTkul0sOpxbClIv4SQ4iOd7BYr7VIzdbktUCnv7dua/60xzd8igMU6jmyw==
  dependencies:
    use-isomorphic-layout-effect "^1.0.0"
